
Microsoft Visual Studio Solution File, Format Version 12.00
# Visual Studio Version 17
VisualStudioVersion = 17.0.31903.59
MinimumVisualStudioVersion = 10.0.40219.1
Project("{FAE04EC0-301F-11D3-BF4B-00C04F79EFBC}") = "OrderService", "OrderService\OrderService.csproj", "{C6ED3E28-046C-4899-9289-0A119E3EF748}"
EndProject
Project("{FAE04EC0-301F-11D3-BF4B-00C04F79EFBC}") = "PaymentService", "PaymentService\PaymentService.csproj", "{C13E181E-A300-440E-BC89-F89A5850D4B5}"
EndProject
Project("{FAE04EC0-301F-11D3-BF4B-00C04F79EFBC}") = "NotificationService", "NotificationService\NotificationService.csproj", "{8DA3AA39-7379-4E51-83D1-4665324131E3}"
EndProject
Global
	GlobalSection(SolutionConfigurationPlatforms) = preSolution
		Debug|Any CPU = Debug|Any CPU
		Debug|x64 = Debug|x64
		Debug|x86 = Debug|x86
		Release|Any CPU = Release|Any CPU
		Release|x64 = Release|x64
		Release|x86 = Release|x86
	EndGlobalSection
	GlobalSection(ProjectConfigurationPlatforms) = postSolution
		{C6ED3E28-046C-4899-9289-0A119E3EF748}.Debug|Any CPU.ActiveCfg = Debug|Any CPU
		{C6ED3E28-046C-4899-9289-0A119E3EF748}.Debug|Any CPU.Build.0 = Debug|Any CPU
		{C6ED3E28-046C-4899-9289-0A119E3EF748}.Debug|x64.ActiveCfg = Debug|Any CPU
		{C6ED3E28-046C-4899-9289-0A119E3EF748}.Debug|x64.Build.0 = Debug|Any CPU
		{C6ED3E28-046C-4899-9289-0A119E3EF748}.Debug|x86.ActiveCfg = Debug|Any CPU
		{C6ED3E28-046C-4899-9289-0A119E3EF748}.Debug|x86.Build.0 = Debug|Any CPU
		{C6ED3E28-046C-4899-9289-0A119E3EF748}.Release|Any CPU.ActiveCfg = Release|Any CPU
		{C6ED3E28-046C-4899-9289-0A119E3EF748}.Release|Any CPU.Build.0 = Release|Any CPU
		{C6ED3E28-046C-4899-9289-0A119E3EF748}.Release|x64.ActiveCfg = Release|Any CPU
		{C6ED3E28-046C-4899-9289-0A119E3EF748}.Release|x64.Build.0 = Release|Any CPU
		{C6ED3E28-046C-4899-9289-0A119E3EF748}.Release|x86.ActiveCfg = Release|Any CPU
		{C6ED3E28-046C-4899-9289-0A119E3EF748}.Release|x86.Build.0 = Release|Any CPU
		{C13E181E-A300-440E-BC89-F89A5850D4B5}.Debug|Any CPU.ActiveCfg = Debug|Any CPU
		{C13E181E-A300-440E-BC89-F89A5850D4B5}.Debug|Any CPU.Build.0 = Debug|Any CPU
		{C13E181E-A300-440E-BC89-F89A5850D4B5}.Debug|x64.ActiveCfg = Debug|Any CPU
		{C13E181E-A300-440E-BC89-F89A5850D4B5}.Debug|x64.Build.0 = Debug|Any CPU
		{C13E181E-A300-440E-BC89-F89A5850D4B5}.Debug|x86.ActiveCfg = Debug|Any CPU
		{C13E181E-A300-440E-BC89-F89A5850D4B5}.Debug|x86.Build.0 = Debug|Any CPU
		{C13E181E-A300-440E-BC89-F89A5850D4B5}.Release|Any CPU.ActiveCfg = Release|Any CPU
		{C13E181E-A300-440E-BC89-F89A5850D4B5}.Release|Any CPU.Build.0 = Release|Any CPU
		{C13E181E-A300-440E-BC89-F89A5850D4B5}.Release|x64.ActiveCfg = Release|Any CPU
		{C13E181E-A300-440E-BC89-F89A5850D4B5}.Release|x64.Build.0 = Release|Any CPU
		{C13E181E-A300-440E-BC89-F89A5850D4B5}.Release|x86.ActiveCfg = Release|Any CPU
		{C13E181E-A300-440E-BC89-F89A5850D4B5}.Release|x86.Build.0 = Release|Any CPU
		{8DA3AA39-7379-4E51-83D1-4665324131E3}.Debug|Any CPU.ActiveCfg = Debug|Any CPU
		{8DA3AA39-7379-4E51-83D1-4665324131E3}.Debug|Any CPU.Build.0 = Debug|Any CPU
		{8DA3AA39-7379-4E51-83D1-4665324131E3}.Debug|x64.ActiveCfg = Debug|Any CPU
		{8DA3AA39-7379-4E51-83D1-4665324131E3}.Debug|x64.Build.0 = Debug|Any CPU
		{8DA3AA39-7379-4E51-83D1-4665324131E3}.Debug|x86.ActiveCfg = Debug|Any CPU
		{8DA3AA39-7379-4E51-83D1-4665324131E3}.Debug|x86.Build.0 = Debug|Any CPU
		{8DA3AA39-7379-4E51-83D1-4665324131E3}.Release|Any CPU.ActiveCfg = Release|Any CPU
		{8DA3AA39-7379-4E51-83D1-4665324131E3}.Release|Any CPU.Build.0 = Release|Any CPU
		{8DA3AA39-7379-4E51-83D1-4665324131E3}.Release|x64.ActiveCfg = Release|Any CPU
		{8DA3AA39-7379-4E51-83D1-4665324131E3}.Release|x64.Build.0 = Release|Any CPU
		{8DA3AA39-7379-4E51-83D1-4665324131E3}.Release|x86.ActiveCfg = Release|Any CPU
		{8DA3AA39-7379-4E51-83D1-4665324131E3}.Release|x86.Build.0 = Release|Any CPU
	EndGlobalSection
	GlobalSection(SolutionProperties) = preSolution
		HideSolutionNode = FALSE
	EndGlobalSection
EndGlobal
